
Microsoft Visual Studio Solution File, Format Version 12.00
# Visual Studio 15
Project("{FAE04EC0-301F-11D3-BF4B-00C04F79EFBC}") = "Labb4Countries.Android", "Labb4Countries.Android\Labb4Countries.Android.csproj", "{C0FCB5C3-B021-47C1-BE31-8FF96EBDB8A1}"
EndProject
Project("{FAE04EC0-301F-11D3-BF4B-00C04F79EFBC}") = "Labb4Countries.iOS", "Labb4Countries.iOS\Labb4Countries.iOS.csproj", "{654A5F67-F262-4190-A004-B285E836B476}"
EndProject
Project("{FAE04EC0-301F-11D3-BF4B-00C04F79EFBC}") = "Labb4Countries", "Labb4Countries\Labb4Countries.csproj", "{8305CD48-8A71-4D5E-87E7-425AF9531725}"
EndProject
Global
	GlobalSection(SolutionConfigurationPlatforms) = preSolution
		Debug|Any CPU = Debug|Any CPU
		Release|Any CPU = Release|Any CPU
		Debug|iPhoneSimulator = Debug|iPhoneSimulator
		Release|iPhoneSimulator = Release|iPhoneSimulator
		Debug|iPhone = Debug|iPhone
		Release|iPhone = Release|iPhone
	EndGlobalSection
	GlobalSection(ProjectConfigurationPlatforms) = postSolution
		{C0FCB5C3-B021-47C1-BE31-8FF96EBDB8A1}.Debug|Any CPU.ActiveCfg = Debug|Any CPU
		{C0FCB5C3-B021-47C1-BE31-8FF96EBDB8A1}.Debug|Any CPU.Build.0 = Debug|Any CPU
		{C0FCB5C3-B021-47C1-BE31-8FF96EBDB8A1}.Release|Any CPU.ActiveCfg = Release|Any CPU
		{C0FCB5C3-B021-47C1-BE31-8FF96EBDB8A1}.Release|Any CPU.Build.0 = Release|Any CPU
		{C0FCB5C3-B021-47C1-BE31-8FF96EBDB8A1}.Debug|iPhoneSimulator.ActiveCfg = Debug|Any CPU
		{C0FCB5C3-B021-47C1-BE31-8FF96EBDB8A1}.Debug|iPhoneSimulator.Build.0 = Debug|Any CPU
		{C0FCB5C3-B021-47C1-BE31-8FF96EBDB8A1}.Release|iPhoneSimulator.ActiveCfg = Release|Any CPU
		{C0FCB5C3-B021-47C1-BE31-8FF96EBDB8A1}.Release|iPhoneSimulator.Build.0 = Release|Any CPU
		{C0FCB5C3-B021-47C1-BE31-8FF96EBDB8A1}.Debug|iPhone.ActiveCfg = Debug|Any CPU
		{C0FCB5C3-B021-47C1-BE31-8FF96EBDB8A1}.Debug|iPhone.Build.0 = Debug|Any CPU
		{C0FCB5C3-B021-47C1-BE31-8FF96EBDB8A1}.Release|iPhone.ActiveCfg = Release|Any CPU
		{C0FCB5C3-B021-47C1-BE31-8FF96EBDB8A1}.Release|iPhone.Build.0 = Release|Any CPU
		{654A5F67-F262-4190-A004-B285E836B476}.Debug|Any CPU.ActiveCfg = Debug|iPhoneSimulator
		{654A5F67-F262-4190-A004-B285E836B476}.Debug|Any CPU.Build.0 = Debug|iPhoneSimulator
		{654A5F67-F262-4190-A004-B285E836B476}.Release|Any CPU.ActiveCfg = Release|iPhoneSimulator
		{654A5F67-F262-4190-A004-B285E836B476}.Release|Any CPU.Build.0 = Release|iPhoneSimulator
		{654A5F67-F262-4190-A004-B285E836B476}.Debug|iPhoneSimulator.ActiveCfg = Debug|iPhoneSimulator
		{654A5F67-F262-4190-A004-B285E836B476}.Debug|iPhoneSimulator.Build.0 = Debug|iPhoneSimulator
		{654A5F67-F262-4190-A004-B285E836B476}.Release|iPhoneSimulator.ActiveCfg = Release|iPhoneSimulator
		{654A5F67-F262-4190-A004-B285E836B476}.Release|iPhoneSimulator.Build.0 = Release|iPhoneSimulator
		{654A5F67-F262-4190-A004-B285E836B476}.Debug|iPhone.ActiveCfg = Debug|iPhone
		{654A5F67-F262-4190-A004-B285E836B476}.Debug|iPhone.Build.0 = Debug|iPhone
		{654A5F67-F262-4190-A004-B285E836B476}.Release|iPhone.ActiveCfg = Release|iPhone
		{654A5F67-F262-4190-A004-B285E836B476}.Release|iPhone.Build.0 = Release|iPhone
		{8305CD48-8A71-4D5E-87E7-425AF9531725}.Debug|Any CPU.ActiveCfg = Debug|Any CPU
		{8305CD48-8A71-4D5E-87E7-425AF9531725}.Debug|Any CPU.Build.0 = Debug|Any CPU
		{8305CD48-8A71-4D5E-87E7-425AF9531725}.Release|Any CPU.ActiveCfg = Release|Any CPU
		{8305CD48-8A71-4D5E-87E7-425AF9531725}.Release|Any CPU.Build.0 = Release|Any CPU
		{8305CD48-8A71-4D5E-87E7-425AF9531725}.Debug|iPhoneSimulator.ActiveCfg = Debug|Any CPU
		{8305CD48-8A71-4D5E-87E7-425AF9531725}.Debug|iPhoneSimulator.Build.0 = Debug|Any CPU
		{8305CD48-8A71-4D5E-87E7-425AF9531725}.Release|iPhoneSimulator.ActiveCfg = Release|Any CPU
		{8305CD48-8A71-4D5E-87E7-425AF9531725}.Release|iPhoneSimulator.Build.0 = Release|Any CPU
		{8305CD48-8A71-4D5E-87E7-425AF9531725}.Debug|iPhone.ActiveCfg = Debug|Any CPU
		{8305CD48-8A71-4D5E-87E7-425AF9531725}.Debug|iPhone.Build.0 = Debug|Any CPU
		{8305CD48-8A71-4D5E-87E7-425AF9531725}.Release|iPhone.ActiveCfg = Release|Any CPU
		{8305CD48-8A71-4D5E-87E7-425AF9531725}.Release|iPhone.Build.0 = Release|Any CPU
	EndGlobalSection
EndGlobal
